
Microsoft Visual Studio Solution File, Format Version 12.00
# Visual Studio Version 17
VisualStudioVersion = 17.5.33414.496
MinimumVisualStudioVersion = 10.0.40219.1
Project("{FAE04EC0-301F-11D3-BF4B-00C04F79EFBC}") = "SEDC.CSharpAdvanced.Exercise.Interfaces", "SEDC.CSharpAdvanced.Exercise.Interfaces\SEDC.CSharpAdvanced.Exercise.Interfaces.csproj", "{07C96A5C-3148-452F-9FD1-F46281F9B7EC}"
EndProject
Global
	GlobalSection(SolutionConfigurationPlatforms) = preSolution
		Debug|Any CPU = Debug|Any CPU
		Release|Any CPU = Release|Any CPU
	EndGlobalSection
	GlobalSection(ProjectConfigurationPlatforms) = postSolution
		{07C96A5C-3148-452F-9FD1-F46281F9B7EC}.Debug|Any CPU.ActiveCfg = Debug|Any CPU
		{07C96A5C-3148-452F-9FD1-F46281F9B7EC}.Debug|Any CPU.Build.0 = Debug|Any CPU
		{07C96A5C-3148-452F-9FD1-F46281F9B7EC}.Release|Any CPU.ActiveCfg = Release|Any CPU
		{07C96A5C-3148-452F-9FD1-F46281F9B7EC}.Release|Any CPU.Build.0 = Release|Any CPU
	EndGlobalSection
	GlobalSection(SolutionProperties) = preSolution
		HideSolutionNode = FALSE
	EndGlobalSection
	GlobalSection(ExtensibilityGlobals) = postSolution
		SolutionGuid = {50C970D0-9FA4-4B98-A5F1-B57925F81BAE}
	EndGlobalSection
EndGlobal
