
Microsoft Visual Studio Solution File, Format Version 12.00
# Visual Studio Version 17
VisualStudioVersion = 17.5.33414.496
MinimumVisualStudioVersion = 10.0.40219.1
Project("{FAE04EC0-301F-11D3-BF4B-00C04F79EFBC}") = "SEDC.Exercise.Class4", "SEDC.Exercise.Class4\SEDC.Exercise.Class4.csproj", "{A0473F85-8236-45E5-A5D2-0385E77DCBBF}"
EndProject
Global
	GlobalSection(SolutionConfigurationPlatforms) = preSolution
		Debug|Any CPU = Debug|Any CPU
		Release|Any CPU = Release|Any CPU
	EndGlobalSection
	GlobalSection(ProjectConfigurationPlatforms) = postSolution
		{A0473F85-8236-45E5-A5D2-0385E77DCBBF}.Debug|Any CPU.ActiveCfg = Debug|Any CPU
		{A0473F85-8236-45E5-A5D2-0385E77DCBBF}.Debug|Any CPU.Build.0 = Debug|Any CPU
		{A0473F85-8236-45E5-A5D2-0385E77DCBBF}.Release|Any CPU.ActiveCfg = Release|Any CPU
		{A0473F85-8236-45E5-A5D2-0385E77DCBBF}.Release|Any CPU.Build.0 = Release|Any CPU
	EndGlobalSection
	GlobalSection(SolutionProperties) = preSolution
		HideSolutionNode = FALSE
	EndGlobalSection
	GlobalSection(ExtensibilityGlobals) = postSolution
		SolutionGuid = {D1E26073-AA06-49EB-B7EE-C3E2D0169A56}
	EndGlobalSection
EndGlobal
